<?xml version="1.0" encoding="utf-8"?>
<Project ToolsVersion="4.0" xmlns="http://schemas.microsoft.com/developer/msbuild/2003">
  <ItemGroup>
    <Filter Include="Source Files">
      <UniqueIdentifier>{4FC737F1-C7A5-4376-A066-2A32D752A2FF}</UniqueIdentifier>
      <Extensions>cpp;c;cc;cxx;c++;cppm;ixx;def;odl;idl;hpj;bat;asm;asmx</Extensions>
    </Filter>
    <Filter Include="Header Files">
      <UniqueIdentifier>{93995380-89BD-4b04-88EB-625FBE52EBFB}</UniqueIdentifier>
      <Extensions>h;hh;hpp;hxx;h++;hm;inl;inc;ipp;xsd</Extensions>
    </Filter>
    <Filter Include="Resource Files">
      <UniqueIdentifier>{67DA6AB6-F800-4c08-8B7A-83BB121AAD01}</UniqueIdentifier>
      <Extensions>rc;ico;cur;bmp;dlg;rc2;rct;bin;rgs;gif;jpg;jpeg;jpe;resx;tiff;tif;png;wav;mfcribbon-ms</Extensions>
    </Filter>
    <Filter Include="Shaders">
      <UniqueIdentifier>{470bf0bd-fd8e-4879-b367-66bfb402a52c}</UniqueIdentifier>
    </Filter>
    <Filter Include="Header Files\Parser">
      <UniqueIdentifier>{94d708a5-6454-4bec-82d7-8e287160883c}</UniqueIdentifier>
    </Filter>
    <Filter Include="Source Files\Parser">
      <UniqueIdentifier>{3972fc2e-715e-45c2-aab9-66d913b1a9bf}</UniqueIdentifier>
    </Filter>
    <Filter Include="Header Files\DataTypes">
      <UniqueIdentifier>{d3fe679d-c6f4-4945-a275-f3022cd1ee10}</UniqueIdentifier>
    </Filter>
    <Filter Include="Header Files\Models">
      <UniqueIdentifier>{50274ed9-e6da-48c3-91ec-c3bcb5e5c9d9}</UniqueIdentifier>
    </Filter>
    <Filter Include="Source Files\Models">
      <UniqueIdentifier>{58f8453f-de32-4273-9588-d950b71896a3}</UniqueIdentifier>
    </Filter>
    <Filter Include="Header Files\Managers">
      <UniqueIdentifier>{d761509b-af73-4f2a-947d-8a81bda3a840}</UniqueIdentifier>
    </Filter>
    <Filter Include="Source Files\Managers">
      <UniqueIdentifier>{e323e70c-1c4b-45d0-815d-dc466d9e84d3}</UniqueIdentifier>
    </Filter>
    <Filter Include="Header Files\Vulkan">
      <UniqueIdentifier>{4d854b0c-74cb-4f9d-b71a-b97a100e4e5f}</UniqueIdentifier>
    </Filter>
    <Filter Include="Source Files\Vulkan">
      <UniqueIdentifier>{66399486-e3a4-4201-9f2a-b8fe52940283}</UniqueIdentifier>
    </Filter>
    <Filter Include="Header Files\IMGUI">
      <UniqueIdentifier>{1846ec4c-6c07-4bfc-8f0a-670f5fe43f97}</UniqueIdentifier>
    </Filter>
    <Filter Include="Source Files\IMGUI">
      <UniqueIdentifier>{3599f39f-649f-4834-902c-4fc33f25cb19}</UniqueIdentifier>
    </Filter>
    <Filter Include="Header Files\Scenarios">
      <UniqueIdentifier>{91aef96c-3c38-4741-af55-7a2eabde6865}</UniqueIdentifier>
    </Filter>
    <Filter Include="Source Files\Scenarios">
      <UniqueIdentifier>{487c6673-e89d-4a33-a1fb-6432818bc420}</UniqueIdentifier>
    </Filter>
    <Filter Include="Header Files\Physics">
      <UniqueIdentifier>{4209f620-3b03-4dbd-b469-98b280f77b45}</UniqueIdentifier>
    </Filter>
    <Filter Include="Source Files\Physics">
      <UniqueIdentifier>{84b06f74-27dd-46f1-80e4-83f54393eb73}</UniqueIdentifier>
    </Filter>
  </ItemGroup>
  <ItemGroup>
    <ClCompile Include="Source.cpp">
      <Filter>Source Files</Filter>
    </ClCompile>
    <ClCompile Include="Camera.cpp">
      <Filter>Source Files</Filter>
    </ClCompile>
    <ClCompile Include="INIParser.cpp">
      <Filter>Source Files\Parser</Filter>
    </ClCompile>
    <ClCompile Include="ConfigLoader.cpp">
      <Filter>Source Files\Parser</Filter>
    </ClCompile>
    <ClCompile Include="ModelLoader.cpp">
      <Filter>Source Files\Parser</Filter>
    </ClCompile>
    <ClCompile Include="MTLParser.cpp">
      <Filter>Source Files\Parser</Filter>
    </ClCompile>
    <ClCompile Include="OBJParser.cpp">
      <Filter>Source Files\Parser</Filter>
    </ClCompile>
    <ClCompile Include="ParserBase.cpp">
      <Filter>Source Files\Parser</Filter>
    </ClCompile>
    <ClCompile Include="Model.cpp">
      <Filter>Source Files\Models</Filter>
    </ClCompile>
    <ClCompile Include="Mesh.cpp">
      <Filter>Source Files\Models</Filter>
    </ClCompile>
    <ClCompile Include="Material.cpp">
      <Filter>Source Files\Models</Filter>
    </ClCompile>
    <ClCompile Include="Texture.cpp">
      <Filter>Source Files\Models</Filter>
    </ClCompile>
    <ClCompile Include="Renderer.cpp">
      <Filter>Source Files</Filter>
    </ClCompile>
    <ClCompile Include="WindowManager.cpp">
      <Filter>Source Files\Managers</Filter>
    </ClCompile>
    <ClCompile Include="ResourceManager.cpp">
      <Filter>Source Files\Managers</Filter>
    </ClCompile>
    <ClCompile Include="InputManager.cpp">
      <Filter>Source Files\Managers</Filter>
    </ClCompile>
    <ClCompile Include="VulkanCore.cpp">
      <Filter>Source Files\Vulkan</Filter>
    </ClCompile>
    <ClCompile Include="VulkanSwapChain.cpp">
      <Filter>Source Files\Vulkan</Filter>
    </ClCompile>
    <ClCompile Include="VulkanPipeline.cpp">
      <Filter>Source Files\Vulkan</Filter>
    </ClCompile>
    <ClCompile Include="VulkanFramebuffers.cpp">
      <Filter>Source Files\Vulkan</Filter>
    </ClCompile>
    <ClCompile Include="VulkanTexture.cpp">
      <Filter>Source Files\Vulkan</Filter>
    </ClCompile>
    <ClCompile Include="VulkanBuffers.cpp">
      <Filter>Source Files\Vulkan</Filter>
    </ClCompile>
    <ClCompile Include="VulkanDescriptor.cpp">
      <Filter>Source Files\Vulkan</Filter>
    </ClCompile>
    <ClCompile Include="VulkanCommandBuffers.cpp">
      <Filter>Source Files\Vulkan</Filter>
    </ClCompile>
    <ClCompile Include="VulkanFrameSync.cpp">
      <Filter>Source Files\Vulkan</Filter>
    </ClCompile>
    <ClCompile Include="VulkanExternals.cpp">
      <Filter>Source Files\Vulkan</Filter>
    </ClCompile>
    <ClCompile Include="DayNightSeasonal.cpp">
      <Filter>Source Files</Filter>
    </ClCompile>
    <ClCompile Include="HelloTriangleApplication.cpp">
      <Filter>Source Files</Filter>
    </ClCompile>
    <ClCompile Include="imgui.cpp">
      <Filter>Source Files\IMGUI</Filter>
    </ClCompile>
    <ClCompile Include="imgui_demo.cpp">
      <Filter>Source Files\IMGUI</Filter>
    </ClCompile>
    <ClCompile Include="imgui_draw.cpp">
      <Filter>Source Files\IMGUI</Filter>
    </ClCompile>
    <ClCompile Include="imgui_tables.cpp">
      <Filter>Source Files\IMGUI</Filter>
    </ClCompile>
    <ClCompile Include="imgui_widgets.cpp">
      <Filter>Source Files\IMGUI</Filter>
    </ClCompile>
    <ClCompile Include="imgui_impl_glfw.cpp">
      <Filter>Source Files\IMGUI</Filter>
    </ClCompile>
    <ClCompile Include="imgui_impl_vulkan.cpp">
      <Filter>Source Files\IMGUI</Filter>
    </ClCompile>
    <ClCompile Include="IMGUIManager.cpp">
      <Filter>Source Files\Managers</Filter>
    </ClCompile>
    <ClCompile Include="ScenarioDefault.cpp">
      <Filter>Source Files\Scenarios</Filter>
    </ClCompile>
    <ClCompile Include="ScenarioClearColor.cpp">
      <Filter>Source Files\Scenarios</Filter>
    </ClCompile>
    <ClCompile Include="ScenarioPhysicsObjects.cpp">
      <Filter>Source Files\Scenarios</Filter>
    </ClCompile>
    <ClCompile Include="SJGParser.cpp">
      <Filter>Source Files\Parser</Filter>
    </ClCompile>
    <ClCompile Include="PhysicsObject.cpp">
      <Filter>Source Files\Physics</Filter>
    </ClCompile>
    <ClCompile Include="Collider.cpp">
      <Filter>Source Files\Physics</Filter>
    </ClCompile>
    <ClCompile Include="SphereCollider.cpp">
      <Filter>Source Files\Physics</Filter>
    </ClCompile>
    <ClCompile Include="PlaneCollider.cpp">
      <Filter>Source Files\Physics</Filter>
    </ClCompile>
  </ItemGroup>
  <ItemGroup>
    <CustomBuild Include="shaders\shader.comp">
      <Filter>Shaders</Filter>
    </CustomBuild>
    <CustomBuild Include="shaders\shader.frag">
      <Filter>Shaders</Filter>
    </CustomBuild>
    <CustomBuild Include="shaders\shader.vert">
      <Filter>Shaders</Filter>
    </CustomBuild>
  </ItemGroup>
  <ItemGroup>
    <ClInclude Include="Camera.h">
      <Filter>Header Files</Filter>
    </ClInclude>
    <ClInclude Include="ConfigLoader.h">
      <Filter>Header Files\Parser</Filter>
    </ClInclude>
    <ClInclude Include="INIParser.h">
      <Filter>Header Files\Parser</Filter>
    </ClInclude>
    <ClInclude Include="ModelLoader.h">
      <Filter>Header Files\Parser</Filter>
    </ClInclude>
    <ClInclude Include="OBJParser.h">
      <Filter>Header Files\Parser</Filter>
    </ClInclude>
    <ClInclude Include="MTLParser.h">
      <Filter>Header Files\Parser</Filter>
    </ClInclude>
    <ClInclude Include="ParserBase.h">
      <Filter>Header Files\Parser</Filter>
    </ClInclude>
    <ClInclude Include="ModelParserDataTypes.h">
      <Filter>Header Files\DataTypes</Filter>
    </ClInclude>
    <ClInclude Include="ConfigDataTypes.h">
      <Filter>Header Files\DataTypes</Filter>
    </ClInclude>
    <ClInclude Include="Model.h">
      <Filter>Header Files\Models</Filter>
    </ClInclude>
    <ClInclude Include="Mesh.h">
      <Filter>Header Files\Models</Filter>
    </ClInclude>
    <ClInclude Include="Material.h">
      <Filter>Header Files\Models</Filter>
    </ClInclude>
    <ClInclude Include="Texture.h">
      <Filter>Header Files\Models</Filter>
    </ClInclude>
    <ClInclude Include="Renderer.h">
      <Filter>Header Files</Filter>
    </ClInclude>
    <ClInclude Include="RenderDataTypes.h">
      <Filter>Header Files\DataTypes</Filter>
    </ClInclude>
    <ClInclude Include="WindowManager.h">
      <Filter>Header Files\Managers</Filter>
    </ClInclude>
    <ClInclude Include="InputManager.h">
      <Filter>Header Files\Managers</Filter>
    </ClInclude>
    <ClInclude Include="ResourceManager.h">
      <Filter>Header Files\Managers</Filter>
    </ClInclude>
    <ClInclude Include="VulkanExternals.h">
      <Filter>Header Files\Vulkan</Filter>
    </ClInclude>
    <ClInclude Include="VulkanDataTypes.h">
      <Filter>Header Files\DataTypes</Filter>
    </ClInclude>
    <ClInclude Include="VulkanCore.h">
      <Filter>Header Files\Vulkan</Filter>
    </ClInclude>
    <ClInclude Include="VulkanSwapChain.h">
      <Filter>Header Files\Vulkan</Filter>
    </ClInclude>
    <ClInclude Include="VulkanPipeline.h">
      <Filter>Header Files\Vulkan</Filter>
    </ClInclude>
    <ClInclude Include="VulkanFramebuffers.h">
      <Filter>Header Files\Vulkan</Filter>
    </ClInclude>
    <ClInclude Include="VulkanTexture.h">
      <Filter>Header Files\Vulkan</Filter>
    </ClInclude>
    <ClInclude Include="VulkanBuffers.h">
      <Filter>Header Files\Vulkan</Filter>
    </ClInclude>
    <ClInclude Include="VulkanDescriptor.h">
      <Filter>Header Files\Vulkan</Filter>
    </ClInclude>
    <ClInclude Include="VulkanCommandBuffers.h">
      <Filter>Header Files\Vulkan</Filter>
    </ClInclude>
    <ClInclude Include="VulkanFrameSync.h">
      <Filter>Header Files\Vulkan</Filter>
    </ClInclude>
    <ClInclude Include="DayNightSeasonal.h">
      <Filter>Header Files</Filter>
    </ClInclude>
    <ClInclude Include="HelloTriangleApplication.h">
      <Filter>Header Files</Filter>
    </ClInclude>
    <ClInclude Include="imgui.h">
      <Filter>Header Files\IMGUI</Filter>
    </ClInclude>
    <ClInclude Include="imgui_internal.h">
      <Filter>Header Files\IMGUI</Filter>
    </ClInclude>
    <ClInclude Include="imstb_rectpack.h">
      <Filter>Header Files\IMGUI</Filter>
    </ClInclude>
    <ClInclude Include="imstb_textedit.h">
      <Filter>Header Files\IMGUI</Filter>
    </ClInclude>
    <ClInclude Include="imstb_truetype.h">
      <Filter>Header Files\IMGUI</Filter>
    </ClInclude>
    <ClInclude Include="imconfig.h">
      <Filter>Header Files\IMGUI</Filter>
    </ClInclude>
    <ClInclude Include="imgui_impl_glfw.h">
      <Filter>Header Files\IMGUI</Filter>
    </ClInclude>
    <ClInclude Include="imgui_impl_vulkan.h">
      <Filter>Header Files\IMGUI</Filter>
    </ClInclude>
    <ClInclude Include="IMGUIManager.h">
      <Filter>Header Files\Managers</Filter>
    </ClInclude>
    <ClInclude Include="Scenario.h">
      <Filter>Header Files\Scenarios</Filter>
    </ClInclude>
    <ClInclude Include="ScenarioDefault.h">
      <Filter>Header Files\Scenarios</Filter>
    </ClInclude>
    <ClInclude Include="ScenarioClearColor.h">
      <Filter>Header Files\Scenarios</Filter>
    </ClInclude>
    <ClInclude Include="ScenarioPhysicsObjects.h">
      <Filter>Header Files\Scenarios</Filter>
    </ClInclude>
    <ClInclude Include="SJGParser.h">
      <Filter>Header Files\Parser</Filter>
    </ClInclude>
    <ClInclude Include="PhysicsObject.h">
      <Filter>Header Files\Physics</Filter>
    </ClInclude>
    <ClInclude Include="Collider.h">
      <Filter>Header Files\Physics</Filter>
    </ClInclude>
    <ClInclude Include="SphereCollider.h">
      <Filter>Header Files\Physics</Filter>
    </ClInclude>
    <ClInclude Include="PlaneCollider.h">
      <Filter>Header Files\Physics</Filter>
    </ClInclude>
  </ItemGroup>
</Project>